// !$*UTF8*$!
{
	archiveVersion = 1;
	classes = {
	};
	objectVersion = 46;
	objects = {

/* Begin PBXBuildFile section */
		1CDE2B5AE34570BF4B0E57C0 /* Pods_Makestagram.framework in Frameworks */ = {isa = PBXBuildFile; fileRef = 150C95326803D1CD3F881037 /* Pods_Makestagram.framework */; };
		9E02F74B1F018A3600A1BAF7 /* User.swift in Sources */ = {isa = PBXBuildFile; fileRef = 9E02F74A1F018A3600A1BAF7 /* User.swift */; };
		9E02F7521F01C21300A1BAF7 /* UserService.swift in Sources */ = {isa = PBXBuildFile; fileRef = 9E02F7511F01C21300A1BAF7 /* UserService.swift */; };
		9E02F7731F02D2D600A1BAF7 /* Constants.swift in Sources */ = {isa = PBXBuildFile; fileRef = 9E02F7721F02D2D600A1BAF7 /* Constants.swift */; };
		9E02F7761F02D37700A1BAF7 /* Storyboard+Utility.swift in Sources */ = {isa = PBXBuildFile; fileRef = 9E02F7751F02D37700A1BAF7 /* Storyboard+Utility.swift */; };
		9E02F77C1F02F79D00A1BAF7 /* CreateUsernameViewController.swift in Sources */ = {isa = PBXBuildFile; fileRef = 9E02F77B1F02F79D00A1BAF7 /* CreateUsernameViewController.swift */; };
		9E02F77E1F02F7A500A1BAF7 /* FindFriendsViewController.swift in Sources */ = {isa = PBXBuildFile; fileRef = 9E02F77D1F02F7A500A1BAF7 /* FindFriendsViewController.swift */; };
		9E02F7801F02F7AC00A1BAF7 /* HomeViewController.swift in Sources */ = {isa = PBXBuildFile; fileRef = 9E02F77F1F02F7AC00A1BAF7 /* HomeViewController.swift */; };
		9E02F7821F02F7B100A1BAF7 /* LoginViewController.swift in Sources */ = {isa = PBXBuildFile; fileRef = 9E02F7811F02F7B100A1BAF7 /* LoginViewController.swift */; };
		9E02F7841F030AA700A1BAF7 /* MainTabBarController.swift in Sources */ = {isa = PBXBuildFile; fileRef = 9E02F7831F030AA700A1BAF7 /* MainTabBarController.swift */; };
		9E02F7861F03228E00A1BAF7 /* MGPhotoHelper.swift in Sources */ = {isa = PBXBuildFile; fileRef = 9E02F7851F03228E00A1BAF7 /* MGPhotoHelper.swift */; };
		9E30EA491F042FC400E93109 /* StorageService.swift in Sources */ = {isa = PBXBuildFile; fileRef = 9E30EA481F042FC400E93109 /* StorageService.swift */; };
		9E30EA4B1F0433C400E93109 /* PostService.swift in Sources */ = {isa = PBXBuildFile; fileRef = 9E30EA4A1F0433C400E93109 /* PostService.swift */; };
		9E30EA4D1F0442A400E93109 /* Post.swift in Sources */ = {isa = PBXBuildFile; fileRef = 9E30EA4C1F0442A400E93109 /* Post.swift */; };
		9E30EA4F1F0460FF00E93109 /* UIImage+Size.swift in Sources */ = {isa = PBXBuildFile; fileRef = 9E30EA4E1F0460FF00E93109 /* UIImage+Size.swift */; };
		9E30EA511F0461EA00E93109 /* StorageReference+Post.swift in Sources */ = {isa = PBXBuildFile; fileRef = 9E30EA501F0461EA00E93109 /* StorageReference+Post.swift */; };
		9E30EA531F04695C00E93109 /* Home.storyboard in Resources */ = {isa = PBXBuildFile; fileRef = 9E30EA521F04695C00E93109 /* Home.storyboard */; };
		9E30EA551F05726400E93109 /* PostImageCell.swift in Sources */ = {isa = PBXBuildFile; fileRef = 9E30EA541F05726400E93109 /* PostImageCell.swift */; };
		9E30EA5B1F057BB900E93109 /* SFDisplay-Medium.otf in Resources */ = {isa = PBXBuildFile; fileRef = 9E30EA561F057BB900E93109 /* SFDisplay-Medium.otf */; };
		9E30EA5C1F057BB900E93109 /* SFDisplay-Regular.otf in Resources */ = {isa = PBXBuildFile; fileRef = 9E30EA571F057BB900E93109 /* SFDisplay-Regular.otf */; };
		9E30EA5D1F057BB900E93109 /* SFDisplay-Thin.otf in Resources */ = {isa = PBXBuildFile; fileRef = 9E30EA581F057BB900E93109 /* SFDisplay-Thin.otf */; };
		9E30EA5E1F057BB900E93109 /* SFText-Regular.otf in Resources */ = {isa = PBXBuildFile; fileRef = 9E30EA591F057BB900E93109 /* SFText-Regular.otf */; };
		9E30EA5F1F057BB900E93109 /* SFText-Semibold.otf in Resources */ = {isa = PBXBuildFile; fileRef = 9E30EA5A1F057BB900E93109 /* SFText-Semibold.otf */; };
		9E30EA621F057EB500E93109 /* PostHeaderCell.swift in Sources */ = {isa = PBXBuildFile; fileRef = 9E30EA611F057EB500E93109 /* PostHeaderCell.swift */; };
		9E30EA651F0584BC00E93109 /* PostActionCell.swift in Sources */ = {isa = PBXBuildFile; fileRef = 9E30EA641F0584BC00E93109 /* PostActionCell.swift */; };
		9E9079B01EFD96DB00A45C21 /* Assets.xcassets in Resources */ = {isa = PBXBuildFile; fileRef = 9E9079AF1EFD96DB00A45C21 /* Assets.xcassets */; };
		9E9079BD1EFDC80800A45C21 /* AppDelegate.swift in Sources */ = {isa = PBXBuildFile; fileRef = 9E9079BC1EFDC80800A45C21 /* AppDelegate.swift */; };
		9E9079BF1EFDC81900A45C21 /* Main.storyboard in Resources */ = {isa = PBXBuildFile; fileRef = 9E9079BE1EFDC81900A45C21 /* Main.storyboard */; };
		9E9079C51EFDC84100A45C21 /* LaunchScreen.storyboard in Resources */ = {isa = PBXBuildFile; fileRef = 9E9079C41EFDC84100A45C21 /* LaunchScreen.storyboard */; };
		9E9079CA1EFDC88D00A45C21 /* GoogleService-Info.plist in Resources */ = {isa = PBXBuildFile; fileRef = 9E9079C81EFDC88D00A45C21 /* GoogleService-Info.plist */; };
		9E9079D01EFDCBFF00A45C21 /* Login.storyboard in Resources */ = {isa = PBXBuildFile; fileRef = 9E9079CF1EFDCBFF00A45C21 /* Login.storyboard */; };
/* End PBXBuildFile section */

/* Begin PBXFileReference section */
		150C95326803D1CD3F881037 /* Pods_Makestagram.framework */ = {isa = PBXFileReference; explicitFileType = wrapper.framework; includeInIndex = 0; path = Pods_Makestagram.framework; sourceTree = BUILT_PRODUCTS_DIR; };
		9E02F74A1F018A3600A1BAF7 /* User.swift */ = {isa = PBXFileReference; fileEncoding = 4; lastKnownFileType = sourcecode.swift; path = User.swift; sourceTree = "<group>"; };
		9E02F7511F01C21300A1BAF7 /* UserService.swift */ = {isa = PBXFileReference; fileEncoding = 4; lastKnownFileType = sourcecode.swift; name = UserService.swift; path = Makestagram/UserService.swift; sourceTree = "<group>"; };
		9E02F7721F02D2D600A1BAF7 /* Constants.swift */ = {isa = PBXFileReference; fileEncoding = 4; lastKnownFileType = sourcecode.swift; path = Constants.swift; sourceTree = "<group>"; };
		9E02F7751F02D37700A1BAF7 /* Storyboard+Utility.swift */ = {isa = PBXFileReference; fileEncoding = 4; lastKnownFileType = sourcecode.swift; path = "Storyboard+Utility.swift"; sourceTree = "<group>"; };
		9E02F77B1F02F79D00A1BAF7 /* CreateUsernameViewController.swift */ = {isa = PBXFileReference; fileEncoding = 4; lastKnownFileType = sourcecode.swift; name = CreateUsernameViewController.swift; path = "View Controllers/CreateUsernameViewController.swift"; sourceTree = "<group>"; };
		9E02F77D1F02F7A500A1BAF7 /* FindFriendsViewController.swift */ = {isa = PBXFileReference; fileEncoding = 4; lastKnownFileType = sourcecode.swift; name = FindFriendsViewController.swift; path = "View Controllers/FindFriendsViewController.swift"; sourceTree = "<group>"; };
		9E02F77F1F02F7AC00A1BAF7 /* HomeViewController.swift */ = {isa = PBXFileReference; fileEncoding = 4; lastKnownFileType = sourcecode.swift; name = HomeViewController.swift; path = "View Controllers/HomeViewController.swift"; sourceTree = "<group>"; };
		9E02F7811F02F7B100A1BAF7 /* LoginViewController.swift */ = {isa = PBXFileReference; fileEncoding = 4; lastKnownFileType = sourcecode.swift; name = LoginViewController.swift; path = "View Controllers/LoginViewController.swift"; sourceTree = "<group>"; };
		9E02F7831F030AA700A1BAF7 /* MainTabBarController.swift */ = {isa = PBXFileReference; fileEncoding = 4; lastKnownFileType = sourcecode.swift; path = MainTabBarController.swift; sourceTree = "<group>"; };
		9E02F7851F03228E00A1BAF7 /* MGPhotoHelper.swift */ = {isa = PBXFileReference; fileEncoding = 4; lastKnownFileType = sourcecode.swift; name = MGPhotoHelper.swift; path = Helpers/MGPhotoHelper.swift; sourceTree = "<group>"; };
		9E30EA481F042FC400E93109 /* StorageService.swift */ = {isa = PBXFileReference; fileEncoding = 4; lastKnownFileType = sourcecode.swift; path = StorageService.swift; sourceTree = "<group>"; };
		9E30EA4A1F0433C400E93109 /* PostService.swift */ = {isa = PBXFileReference; fileEncoding = 4; lastKnownFileType = sourcecode.swift; path = PostService.swift; sourceTree = "<group>"; };
		9E30EA4C1F0442A400E93109 /* Post.swift */ = {isa = PBXFileReference; fileEncoding = 4; lastKnownFileType = sourcecode.swift; path = Post.swift; sourceTree = "<group>"; };
		9E30EA4E1F0460FF00E93109 /* UIImage+Size.swift */ = {isa = PBXFileReference; fileEncoding = 4; lastKnownFileType = sourcecode.swift; path = "UIImage+Size.swift"; sourceTree = "<group>"; };
		9E30EA501F0461EA00E93109 /* StorageReference+Post.swift */ = {isa = PBXFileReference; fileEncoding = 4; lastKnownFileType = sourcecode.swift; path = "StorageReference+Post.swift"; sourceTree = "<group>"; };
		9E30EA521F04695C00E93109 /* Home.storyboard */ = {isa = PBXFileReference; fileEncoding = 4; lastKnownFileType = file.storyboard; name = Home.storyboard; path = Storyboards/Home.storyboard; sourceTree = "<group>"; };
		9E30EA541F05726400E93109 /* PostImageCell.swift */ = {isa = PBXFileReference; fileEncoding = 4; lastKnownFileType = sourcecode.swift; path = PostImageCell.swift; sourceTree = "<group>"; };
		9E30EA561F057BB900E93109 /* SFDisplay-Medium.otf */ = {isa = PBXFileReference; lastKnownFileType = file; path = "SFDisplay-Medium.otf"; sourceTree = "<group>"; };
		9E30EA571F057BB900E93109 /* SFDisplay-Regular.otf */ = {isa = PBXFileReference; lastKnownFileType = file; path = "SFDisplay-Regular.otf"; sourceTree = "<group>"; };
		9E30EA581F057BB900E93109 /* SFDisplay-Thin.otf */ = {isa = PBXFileReference; lastKnownFileType = file; path = "SFDisplay-Thin.otf"; sourceTree = "<group>"; };
		9E30EA591F057BB900E93109 /* SFText-Regular.otf */ = {isa = PBXFileReference; lastKnownFileType = file; path = "SFText-Regular.otf"; sourceTree = "<group>"; };
		9E30EA5A1F057BB900E93109 /* SFText-Semibold.otf */ = {isa = PBXFileReference; lastKnownFileType = file; path = "SFText-Semibold.otf"; sourceTree = "<group>"; };
		9E30EA611F057EB500E93109 /* PostHeaderCell.swift */ = {isa = PBXFileReference; fileEncoding = 4; lastKnownFileType = sourcecode.swift; path = PostHeaderCell.swift; sourceTree = "<group>"; };
		9E30EA641F0584BC00E93109 /* PostActionCell.swift */ = {isa = PBXFileReference; fileEncoding = 4; lastKnownFileType = sourcecode.swift; path = PostActionCell.swift; sourceTree = "<group>"; };
		9E9079A51EFD96DB00A45C21 /* Makestagram.app */ = {isa = PBXFileReference; explicitFileType = wrapper.application; includeInIndex = 0; path = Makestagram.app; sourceTree = BUILT_PRODUCTS_DIR; };
		9E9079AF1EFD96DB00A45C21 /* Assets.xcassets */ = {isa = PBXFileReference; lastKnownFileType = folder.assetcatalog; path = Assets.xcassets; sourceTree = "<group>"; };
		9E9079BC1EFDC80800A45C21 /* AppDelegate.swift */ = {isa = PBXFileReference; fileEncoding = 4; lastKnownFileType = sourcecode.swift; path = AppDelegate.swift; sourceTree = "<group>"; };
		9E9079BE1EFDC81900A45C21 /* Main.storyboard */ = {isa = PBXFileReference; fileEncoding = 4; lastKnownFileType = file.storyboard; name = Main.storyboard; path = Storyboards/Main.storyboard; sourceTree = "<group>"; };
		9E9079C41EFDC84100A45C21 /* LaunchScreen.storyboard */ = {isa = PBXFileReference; fileEncoding = 4; lastKnownFileType = file.storyboard; name = LaunchScreen.storyboard; path = Storyboards/LaunchScreen.storyboard; sourceTree = "<group>"; };
		9E9079C81EFDC88D00A45C21 /* GoogleService-Info.plist */ = {isa = PBXFileReference; fileEncoding = 4; lastKnownFileType = text.plist.xml; name = "GoogleService-Info.plist"; path = "Supporting/GoogleService-Info.plist"; sourceTree = "<group>"; };
		9E9079C91EFDC88D00A45C21 /* Info.plist */ = {isa = PBXFileReference; fileEncoding = 4; lastKnownFileType = text.plist.xml; name = Info.plist; path = Supporting/Info.plist; sourceTree = "<group>"; };
		9E9079CF1EFDCBFF00A45C21 /* Login.storyboard */ = {isa = PBXFileReference; fileEncoding = 4; lastKnownFileType = file.storyboard; path = Login.storyboard; sourceTree = "<group>"; };
		D560B2794137BD9D07130C1F /* Pods-Makestagram.debug.xcconfig */ = {isa = PBXFileReference; includeInIndex = 1; lastKnownFileType = text.xcconfig; name = "Pods-Makestagram.debug.xcconfig"; path = "Pods/Target Support Files/Pods-Makestagram/Pods-Makestagram.debug.xcconfig"; sourceTree = "<group>"; };
		F6DB936740F335E1A092931B /* Pods-Makestagram.release.xcconfig */ = {isa = PBXFileReference; includeInIndex = 1; lastKnownFileType = text.xcconfig; name = "Pods-Makestagram.release.xcconfig"; path = "Pods/Target Support Files/Pods-Makestagram/Pods-Makestagram.release.xcconfig"; sourceTree = "<group>"; };
/* End PBXFileReference section */

/* Begin PBXFrameworksBuildPhase section */
		9E9079A21EFD96DB00A45C21 /* Frameworks */ = {
			isa = PBXFrameworksBuildPhase;
			buildActionMask = 2147483647;
			files = (
				1CDE2B5AE34570BF4B0E57C0 /* Pods_Makestagram.framework in Frameworks */,
			);
			runOnlyForDeploymentPostprocessing = 0;
		};
/* End PBXFrameworksBuildPhase section */

/* Begin PBXGroup section */
		43E1CF23B35B1189322910A1 /* Frameworks */ = {
			isa = PBXGroup;
			children = (
				150C95326803D1CD3F881037 /* Pods_Makestagram.framework */,
			);
			name = Frameworks;
			sourceTree = "<group>";
		};
		839F3389FCE7C6D10B1432B1 /* Pods */ = {
			isa = PBXGroup;
			children = (
				D560B2794137BD9D07130C1F /* Pods-Makestagram.debug.xcconfig */,
				F6DB936740F335E1A092931B /* Pods-Makestagram.release.xcconfig */,
			);
			name = Pods;
			sourceTree = "<group>";
		};
		9E02F74C1F018A3A00A1BAF7 /* Models */ = {
			isa = PBXGroup;
			children = (
				9E02F74A1F018A3600A1BAF7 /* User.swift */,
				9E30EA4C1F0442A400E93109 /* Post.swift */,
			);
			name = Models;
			sourceTree = "<group>";
		};
		9E02F7531F01C22A00A1BAF7 /* Services */ = {
			isa = PBXGroup;
			children = (
				9E02F7511F01C21300A1BAF7 /* UserService.swift */,
				9E30EA481F042FC400E93109 /* StorageService.swift */,
				9E30EA4A1F0433C400E93109 /* PostService.swift */,
			);
			name = Services;
			path = ..;
			sourceTree = "<group>";
		};
		9E02F7741F02D35C00A1BAF7 /* Extensions */ = {
			isa = PBXGroup;
			children = (
				9E02F7751F02D37700A1BAF7 /* Storyboard+Utility.swift */,
				9E30EA4E1F0460FF00E93109 /* UIImage+Size.swift */,
				9E30EA501F0461EA00E93109 /* StorageReference+Post.swift */,
			);
			name = Extensions;
			sourceTree = "<group>";
		};
		9E02F7871F03229600A1BAF7 /* Helpers */ = {
			isa = PBXGroup;
			children = (
				9E02F7851F03228E00A1BAF7 /* MGPhotoHelper.swift */,
			);
			name = Helpers;
			sourceTree = "<group>";
		};
		9E30EA601F057BC100E93109 /* Fonts */ = {
			isa = PBXGroup;
			children = (
				9E30EA561F057BB900E93109 /* SFDisplay-Medium.otf */,
				9E30EA571F057BB900E93109 /* SFDisplay-Regular.otf */,
				9E30EA581F057BB900E93109 /* SFDisplay-Thin.otf */,
				9E30EA591F057BB900E93109 /* SFText-Regular.otf */,
				9E30EA5A1F057BB900E93109 /* SFText-Semibold.otf */,
			);
			name = Fonts;
			sourceTree = "<group>";
		};
		9E30EA631F057F2500E93109 /* Views */ = {
			isa = PBXGroup;
			children = (
				9E30EA611F057EB500E93109 /* PostHeaderCell.swift */,
				9E30EA541F05726400E93109 /* PostImageCell.swift */,
				9E30EA641F0584BC00E93109 /* PostActionCell.swift */,
			);
			name = Views;
			sourceTree = "<group>";
		};
		9E90799C1EFD96DB00A45C21 = {
			isa = PBXGroup;
			children = (
				9E9079A71EFD96DB00A45C21 /* Makestagram */,
				9E9079A61EFD96DB00A45C21 /* Products */,
				839F3389FCE7C6D10B1432B1 /* Pods */,
				43E1CF23B35B1189322910A1 /* Frameworks */,
			);
			sourceTree = "<group>";
		};
		9E9079A61EFD96DB00A45C21 /* Products */ = {
			isa = PBXGroup;
			children = (
				9E9079A51EFD96DB00A45C21 /* Makestagram.app */,
			);
			name = Products;
			sourceTree = "<group>";
		};
		9E9079A71EFD96DB00A45C21 /* Makestagram */ = {
			isa = PBXGroup;
			children = (
				9E30EA601F057BC100E93109 /* Fonts */,
				9E9079BC1EFDC80800A45C21 /* AppDelegate.swift */,
				9E02F7531F01C22A00A1BAF7 /* Services */,
				9E9079CD1EFDC99000A45C21 /* View Controllers */,
				9E30EA631F057F2500E93109 /* Views */,
				9E02F74C1F018A3A00A1BAF7 /* Models */,
				9E9079CE1EFDC99800A45C21 /* Storyboards */,
				9E02F7741F02D35C00A1BAF7 /* Extensions */,
				9E02F7871F03229600A1BAF7 /* Helpers */,
				9E9079CC1EFDC98600A45C21 /* Supporting Files */,
				9E9079AF1EFD96DB00A45C21 /* Assets.xcassets */,
			);
			path = Makestagram;
			sourceTree = "<group>";
		};
		9E9079CC1EFDC98600A45C21 /* Supporting Files */ = {
			isa = PBXGroup;
			children = (
				9E9079C41EFDC84100A45C21 /* LaunchScreen.storyboard */,
				9E9079C81EFDC88D00A45C21 /* GoogleService-Info.plist */,
				9E9079C91EFDC88D00A45C21 /* Info.plist */,
				9E02F7721F02D2D600A1BAF7 /* Constants.swift */,
			);
			name = "Supporting Files";
			sourceTree = "<group>";
		};
		9E9079CD1EFDC99000A45C21 /* View Controllers */ = {
			isa = PBXGroup;
			children = (
				9E02F7811F02F7B100A1BAF7 /* LoginViewController.swift */,
				9E02F77B1F02F79D00A1BAF7 /* CreateUsernameViewController.swift */,
				9E02F7831F030AA700A1BAF7 /* MainTabBarController.swift */,
				9E02F77F1F02F7AC00A1BAF7 /* HomeViewController.swift */,
				9E02F77D1F02F7A500A1BAF7 /* FindFriendsViewController.swift */,
			);
			name = "View Controllers";
			sourceTree = "<group>";
		};
		9E9079CE1EFDC99800A45C21 /* Storyboards */ = {
			isa = PBXGroup;
			children = (
				9E9079CF1EFDCBFF00A45C21 /* Login.storyboard */,
				9E9079BE1EFDC81900A45C21 /* Main.storyboard */,
				9E30EA521F04695C00E93109 /* Home.storyboard */,
			);
			name = Storyboards;
			sourceTree = "<group>";
		};
/* End PBXGroup section */

/* Begin PBXNativeTarget section */
		9E9079A41EFD96DB00A45C21 /* Makestagram */ = {
			isa = PBXNativeTarget;
			buildConfigurationList = 9E9079B71EFD96DB00A45C21 /* Build configuration list for PBXNativeTarget "Makestagram" */;
			buildPhases = (
				F8F46F64579FA7B2D883EFDA /* [CP] Check Pods Manifest.lock */,
				9E9079A11EFD96DB00A45C21 /* Sources */,
				9E9079A21EFD96DB00A45C21 /* Frameworks */,
				9E9079A31EFD96DB00A45C21 /* Resources */,
				08E051FB130FC235E9206A90 /* [CP] Embed Pods Frameworks */,
				AC02FE0ADA09824D5512604C /* [CP] Copy Pods Resources */,
			);
			buildRules = (
			);
			dependencies = (
			);
			name = Makestagram;
			productName = Makestagram;
			productReference = 9E9079A51EFD96DB00A45C21 /* Makestagram.app */;
			productType = "com.apple.product-type.application";
		};
/* End PBXNativeTarget section */

/* Begin PBXProject section */
		9E90799D1EFD96DB00A45C21 /* Project object */ = {
			isa = PBXProject;
			attributes = {
				LastSwiftUpdateCheck = 0830;
				LastUpgradeCheck = 0830;
				ORGANIZATIONNAME = "Kristie Huang";
				TargetAttributes = {
					9E9079A41EFD96DB00A45C21 = {
						CreatedOnToolsVersion = 8.3.3;
						DevelopmentTeam = 45VCQ885ZT;
						ProvisioningStyle = Automatic;
					};
				};
			};
			buildConfigurationList = 9E9079A01EFD96DB00A45C21 /* Build configuration list for PBXProject "Makestagram" */;
			compatibilityVersion = "Xcode 3.2";
			developmentRegion = English;
			hasScannedForEncodings = 0;
			knownRegions = (
				en,
				Base,
			);
			mainGroup = 9E90799C1EFD96DB00A45C21;
			productRefGroup = 9E9079A61EFD96DB00A45C21 /* Products */;
			projectDirPath = "";
			projectRoot = "";
			targets = (
				9E9079A41EFD96DB00A45C21 /* Makestagram */,
			);
		};
/* End PBXProject section */

/* Begin PBXResourcesBuildPhase section */
		9E9079A31EFD96DB00A45C21 /* Resources */ = {
			isa = PBXResourcesBuildPhase;
			buildActionMask = 2147483647;
			files = (
				9E9079B01EFD96DB00A45C21 /* Assets.xcassets in Resources */,
				9E30EA5B1F057BB900E93109 /* SFDisplay-Medium.otf in Resources */,
				9E30EA5E1F057BB900E93109 /* SFText-Regular.otf in Resources */,
				9E30EA5C1F057BB900E93109 /* SFDisplay-Regular.otf in Resources */,
				9E9079CA1EFDC88D00A45C21 /* GoogleService-Info.plist in Resources */,
				9E9079C51EFDC84100A45C21 /* LaunchScreen.storyboard in Resources */,
				9E30EA531F04695C00E93109 /* Home.storyboard in Resources */,
				9E9079D01EFDCBFF00A45C21 /* Login.storyboard in Resources */,
				9E30EA5F1F057BB900E93109 /* SFText-Semibold.otf in Resources */,
				9E30EA5D1F057BB900E93109 /* SFDisplay-Thin.otf in Resources */,
				9E9079BF1EFDC81900A45C21 /* Main.storyboard in Resources */,
			);
			runOnlyForDeploymentPostprocessing = 0;
		};
/* End PBXResourcesBuildPhase section */

/* Begin PBXShellScriptBuildPhase section */
		08E051FB130FC235E9206A90 /* [CP] Embed Pods Frameworks */ = {
			isa = PBXShellScriptBuildPhase;
			buildActionMask = 2147483647;
			files = (
			);
			inputPaths = (
			);
			name = "[CP] Embed Pods Frameworks";
			outputPaths = (
			);
			runOnlyForDeploymentPostprocessing = 0;
			shellPath = /bin/sh;
			shellScript = "\"${SRCROOT}/Pods/Target Support Files/Pods-Makestagram/Pods-Makestagram-frameworks.sh\"\n";
			showEnvVarsInLog = 0;
		};
		AC02FE0ADA09824D5512604C /* [CP] Copy Pods Resources */ = {
			isa = PBXShellScriptBuildPhase;
			buildActionMask = 2147483647;
			files = (
			);
			inputPaths = (
			);
			name = "[CP] Copy Pods Resources";
			outputPaths = (
			);
			runOnlyForDeploymentPostprocessing = 0;
			shellPath = /bin/sh;
			shellScript = "\"${SRCROOT}/Pods/Target Support Files/Pods-Makestagram/Pods-Makestagram-resources.sh\"\n";
			showEnvVarsInLog = 0;
		};
		F8F46F64579FA7B2D883EFDA /* [CP] Check Pods Manifest.lock */ = {
			isa = PBXShellScriptBuildPhase;
			buildActionMask = 2147483647;
			files = (
			);
			inputPaths = (
			);
			name = "[CP] Check Pods Manifest.lock";
			outputPaths = (
			);
			runOnlyForDeploymentPostprocessing = 0;
			shellPath = /bin/sh;
			shellScript = "diff \"${PODS_PODFILE_DIR_PATH}/Podfile.lock\" \"${PODS_ROOT}/Manifest.lock\" > /dev/null\nif [ $? != 0 ] ; then\n    # print error to STDERR\n    echo \"error: The sandbox is not in sync with the Podfile.lock. Run 'pod install' or update your CocoaPods installation.\" >&2\n    exit 1\nfi\n";
			showEnvVarsInLog = 0;
		};
/* End PBXShellScriptBuildPhase section */

/* Begin PBXSourcesBuildPhase section */
		9E9079A11EFD96DB00A45C21 /* Sources */ = {
			isa = PBXSourcesBuildPhase;
			buildActionMask = 2147483647;
			files = (
				9E02F7821F02F7B100A1BAF7 /* LoginViewController.swift in Sources */,
				9E30EA491F042FC400E93109 /* StorageService.swift in Sources */,
				9E02F74B1F018A3600A1BAF7 /* User.swift in Sources */,
				9E02F7841F030AA700A1BAF7 /* MainTabBarController.swift in Sources */,
				9E02F7521F01C21300A1BAF7 /* UserService.swift in Sources */,
				9E30EA651F0584BC00E93109 /* PostActionCell.swift in Sources */,
				9E30EA4D1F0442A400E93109 /* Post.swift in Sources */,
				9E30EA551F05726400E93109 /* PostImageCell.swift in Sources */,
				9E30EA4F1F0460FF00E93109 /* UIImage+Size.swift in Sources */,
				9E02F77C1F02F79D00A1BAF7 /* CreateUsernameViewController.swift in Sources */,
				9E02F7861F03228E00A1BAF7 /* MGPhotoHelper.swift in Sources */,
				9E02F7801F02F7AC00A1BAF7 /* HomeViewController.swift in Sources */,
				9E02F7761F02D37700A1BAF7 /* Storyboard+Utility.swift in Sources */,
				9E30EA511F0461EA00E93109 /* StorageReference+Post.swift in Sources */,
				9E02F7731F02D2D600A1BAF7 /* Constants.swift in Sources */,
				9E30EA4B1F0433C400E93109 /* PostService.swift in Sources */,
				9E9079BD1EFDC80800A45C21 /* AppDelegate.swift in Sources */,
				9E30EA621F057EB500E93109 /* PostHeaderCell.swift in Sources */,
				9E02F77E1F02F7A500A1BAF7 /* FindFriendsViewController.swift in Sources */,
			);
			runOnlyForDeploymentPostprocessing = 0;
		};
/* End PBXSourcesBuildPhase section */

/* Begin XCBuildConfiguration section */
		9E9079B51EFD96DB00A45C21 /* Debug */ = {
			isa = XCBuildConfiguration;
			buildSettings = {
				ALWAYS_SEARCH_USER_PATHS = NO;
				CLANG_ANALYZER_NONNULL = YES;
				CLANG_ANALYZER_NUMBER_OBJECT_CONVERSION = YES_AGGRESSIVE;
				CLANG_CXX_LANGUAGE_STANDARD = "gnu++0x";
				CLANG_CXX_LIBRARY = "libc++";
				CLANG_ENABLE_MODULES = YES;
				CLANG_ENABLE_OBJC_ARC = YES;
				CLANG_WARN_BOOL_CONVERSION = YES;
				CLANG_WARN_CONSTANT_CONVERSION = YES;
				CLANG_WARN_DIRECT_OBJC_ISA_USAGE = YES_ERROR;
				CLANG_WARN_DOCUMENTATION_COMMENTS = YES;
				CLANG_WARN_EMPTY_BODY = YES;
				CLANG_WARN_ENUM_CONVERSION = YES;
				CLANG_WARN_INFINITE_RECURSION = YES;
				CLANG_WARN_INT_CONVERSION = YES;
				CLANG_WARN_OBJC_ROOT_CLASS = YES_ERROR;
				CLANG_WARN_SUSPICIOUS_MOVE = YES;
				CLANG_WARN_UNREACHABLE_CODE = YES;
				CLANG_WARN__DUPLICATE_METHOD_MATCH = YES;
				"CODE_SIGN_IDENTITY[sdk=iphoneos*]" = "iPhone Developer";
				COPY_PHASE_STRIP = NO;
				DEBUG_INFORMATION_FORMAT = dwarf;
				ENABLE_STRICT_OBJC_MSGSEND = YES;
				ENABLE_TESTABILITY = YES;
				GCC_C_LANGUAGE_STANDARD = gnu99;
				GCC_DYNAMIC_NO_PIC = NO;
				GCC_NO_COMMON_BLOCKS = YES;
				GCC_OPTIMIZATION_LEVEL = 0;
				GCC_PREPROCESSOR_DEFINITIONS = (
					"DEBUG=1",
					"$(inherited)",
				);
				GCC_WARN_64_TO_32_BIT_CONVERSION = YES;
				GCC_WARN_ABOUT_RETURN_TYPE = YES_ERROR;
				GCC_WARN_UNDECLARED_SELECTOR = YES;
				GCC_WARN_UNINITIALIZED_AUTOS = YES_AGGRESSIVE;
				GCC_WARN_UNUSED_FUNCTION = YES;
				GCC_WARN_UNUSED_VARIABLE = YES;
				IPHONEOS_DEPLOYMENT_TARGET = 10.3;
				MTL_ENABLE_DEBUG_INFO = YES;
				ONLY_ACTIVE_ARCH = YES;
				SDKROOT = iphoneos;
				SWIFT_ACTIVE_COMPILATION_CONDITIONS = DEBUG;
				SWIFT_OPTIMIZATION_LEVEL = "-Onone";
			};
			name = Debug;
		};
		9E9079B61EFD96DB00A45C21 /* Release */ = {
			isa = XCBuildConfiguration;
			buildSettings = {
				ALWAYS_SEARCH_USER_PATHS = NO;
				CLANG_ANALYZER_NONNULL = YES;
				CLANG_ANALYZER_NUMBER_OBJECT_CONVERSION = YES_AGGRESSIVE;
				CLANG_CXX_LANGUAGE_STANDARD = "gnu++0x";
				CLANG_CXX_LIBRARY = "libc++";
				CLANG_ENABLE_MODULES = YES;
				CLANG_ENABLE_OBJC_ARC = YES;
				CLANG_WARN_BOOL_CONVERSION = YES;
				CLANG_WARN_CONSTANT_CONVERSION = YES;
				CLANG_WARN_DIRECT_OBJC_ISA_USAGE = YES_ERROR;
				CLANG_WARN_DOCUMENTATION_COMMENTS = YES;
				CLANG_WARN_EMPTY_BODY = YES;
				CLANG_WARN_ENUM_CONVERSION = YES;
				CLANG_WARN_INFINITE_RECURSION = YES;
				CLANG_WARN_INT_CONVERSION = YES;
				CLANG_WARN_OBJC_ROOT_CLASS = YES_ERROR;
				CLANG_WARN_SUSPICIOUS_MOVE = YES;
				CLANG_WARN_UNREACHABLE_CODE = YES;
				CLANG_WARN__DUPLICATE_METHOD_MATCH = YES;
				"CODE_SIGN_IDENTITY[sdk=iphoneos*]" = "iPhone Developer";
				COPY_PHASE_STRIP = NO;
				DEBUG_INFORMATION_FORMAT = "dwarf-with-dsym";
				ENABLE_NS_ASSERTIONS = NO;
				ENABLE_STRICT_OBJC_MSGSEND = YES;
				GCC_C_LANGUAGE_STANDARD = gnu99;
				GCC_NO_COMMON_BLOCKS = YES;
				GCC_WARN_64_TO_32_BIT_CONVERSION = YES;
				GCC_WARN_ABOUT_RETURN_TYPE = YES_ERROR;
				GCC_WARN_UNDECLARED_SELECTOR = YES;
				GCC_WARN_UNINITIALIZED_AUTOS = YES_AGGRESSIVE;
				GCC_WARN_UNUSED_FUNCTION = YES;
				GCC_WARN_UNUSED_VARIABLE = YES;
				IPHONEOS_DEPLOYMENT_TARGET = 10.3;
				MTL_ENABLE_DEBUG_INFO = NO;
				SDKROOT = iphoneos;
				SWIFT_OPTIMIZATION_LEVEL = "-Owholemodule";
				VALIDATE_PRODUCT = YES;
			};
			name = Release;
		};
		9E9079B81EFD96DB00A45C21 /* Debug */ = {
			isa = XCBuildConfiguration;
			baseConfigurationReference = D560B2794137BD9D07130C1F /* Pods-Makestagram.debug.xcconfig */;
			buildSettings = {
				ASSETCATALOG_COMPILER_APPICON_NAME = AppIcon;
				DEVELOPMENT_TEAM = 45VCQ885ZT;
				INFOPLIST_FILE = "$(SRCROOT)/Makestagram/Supporting/Info.plist";
				LD_RUNPATH_SEARCH_PATHS = "$(inherited) @executable_path/Frameworks";
				PRODUCT_BUNDLE_IDENTIFIER = com.makeschool.Makestagram;
				PRODUCT_NAME = "$(TARGET_NAME)";
				SWIFT_VERSION = 3.0;
			};
			name = Debug;
		};
		9E9079B91EFD96DB00A45C21 /* Release */ = {
			isa = XCBuildConfiguration;
			baseConfigurationReference = F6DB936740F335E1A092931B /* Pods-Makestagram.release.xcconfig */;
			buildSettings = {
				ASSETCATALOG_COMPILER_APPICON_NAME = AppIcon;
				DEVELOPMENT_TEAM = 45VCQ885ZT;
				INFOPLIST_FILE = "$(SRCROOT)/Makestagram/Supporting/Info.plist";
				LD_RUNPATH_SEARCH_PATHS = "$(inherited) @executable_path/Frameworks";
				PRODUCT_BUNDLE_IDENTIFIER = com.makeschool.Makestagram;
				PRODUCT_NAME = "$(TARGET_NAME)";
				SWIFT_VERSION = 3.0;
			};
			name = Release;
		};
/* End XCBuildConfiguration section */

/* Begin XCConfigurationList section */
		9E9079A01EFD96DB00A45C21 /* Build configuration list for PBXProject "Makestagram" */ = {
			isa = XCConfigurationList;
			buildConfigurations = (
				9E9079B51EFD96DB00A45C21 /* Debug */,
				9E9079B61EFD96DB00A45C21 /* Release */,
			);
			defaultConfigurationIsVisible = 0;
			defaultConfigurationName = Release;
		};
		9E9079B71EFD96DB00A45C21 /* Build configuration list for PBXNativeTarget "Makestagram" */ = {
			isa = XCConfigurationList;
			buildConfigurations = (
				9E9079B81EFD96DB00A45C21 /* Debug */,
				9E9079B91EFD96DB00A45C21 /* Release */,
			);
			defaultConfigurationIsVisible = 0;
			defaultConfigurationName = Release;
		};
/* End XCConfigurationList section */
	};
	rootObject = 9E90799D1EFD96DB00A45C21 /* Project object */;
}
